
Microsoft Visual Studio Solution File, Format Version 12.00
# Visual Studio 2013
VisualStudioVersion = 12.0.40629.0
MinimumVisualStudioVersion = 10.0.40219.1
Project("{FAE04EC0-301F-11D3-BF4B-00C04F79EFBC}") = "BrowserStack.Barebones", "BrowserStack.Barebones\BrowserStack.Barebones.csproj", "{F80BEF85-9834-47D0-B377-07708078A562}"
EndProject
Project("{FAE04EC0-301F-11D3-BF4B-00C04F79EFBC}") = "BrowserStack.Barebones.Tests", "BrowserStack.Barebones.Tests\BrowserStack.Barebones.Tests.csproj", "{E8D6124A-5294-4A94-B4C2-198267EA2085}"
EndProject
Project("{2150E333-8FDC-42A3-9474-1A3956D46DE8}") = "Solution Items", "Solution Items", "{2740A284-4753-4F42-8F5D-996EB51A4B0D}"
	ProjectSection(SolutionItems) = preProject
		.gitignore = .gitignore
		README.md = README.md
	EndProjectSection
EndProject
Global
	GlobalSection(SolutionConfigurationPlatforms) = preSolution
		Debug|Any CPU = Debug|Any CPU
		Release|Any CPU = Release|Any CPU
	EndGlobalSection
	GlobalSection(ProjectConfigurationPlatforms) = postSolution
		{F80BEF85-9834-47D0-B377-07708078A562}.Debug|Any CPU.ActiveCfg = Debug|Any CPU
		{F80BEF85-9834-47D0-B377-07708078A562}.Debug|Any CPU.Build.0 = Debug|Any CPU
		{F80BEF85-9834-47D0-B377-07708078A562}.Release|Any CPU.ActiveCfg = Release|Any CPU
		{F80BEF85-9834-47D0-B377-07708078A562}.Release|Any CPU.Build.0 = Release|Any CPU
		{E8D6124A-5294-4A94-B4C2-198267EA2085}.Debug|Any CPU.ActiveCfg = Debug|Any CPU
		{E8D6124A-5294-4A94-B4C2-198267EA2085}.Debug|Any CPU.Build.0 = Debug|Any CPU
		{E8D6124A-5294-4A94-B4C2-198267EA2085}.Release|Any CPU.ActiveCfg = Release|Any CPU
		{E8D6124A-5294-4A94-B4C2-198267EA2085}.Release|Any CPU.Build.0 = Release|Any CPU
	EndGlobalSection
	GlobalSection(SolutionProperties) = preSolution
		HideSolutionNode = FALSE
	EndGlobalSection
EndGlobal
